// !$*UTF8*$!
{
	archiveVersion = 1;
	classes = {
	};
	objectVersion = 46;
	objects = {

/* Begin PBXBuildFile section */
		CED9FA3C1CBB9BE200454DF2 /* ZXBus.h in Headers */ = {isa = PBXBuildFile; fileRef = CED9FA3B1CBB9BE200454DF2 /* ZXBus.h */; settings = {ATTRIBUTES = (Public, ); }; };
		CED9FA4C1CBB9C3000454DF2 /* AppDelegate.swift in Sources */ = {isa = PBXBuildFile; fileRef = CED9FA4B1CBB9C3000454DF2 /* AppDelegate.swift */; };
		CED9FA4E1CBB9C3000454DF2 /* ViewController.swift in Sources */ = {isa = PBXBuildFile; fileRef = CED9FA4D1CBB9C3000454DF2 /* ViewController.swift */; };
		CED9FA511CBB9C3000454DF2 /* Main.storyboard in Resources */ = {isa = PBXBuildFile; fileRef = CED9FA4F1CBB9C3000454DF2 /* Main.storyboard */; };
		CED9FA531CBB9C3000454DF2 /* Assets.xcassets in Resources */ = {isa = PBXBuildFile; fileRef = CED9FA521CBB9C3000454DF2 /* Assets.xcassets */; };
		CED9FA561CBB9C3000454DF2 /* LaunchScreen.storyboard in Resources */ = {isa = PBXBuildFile; fileRef = CED9FA541CBB9C3000454DF2 /* LaunchScreen.storyboard */; };
		CED9FA691CBBA7EA00454DF2 /* ZXOptionView.swift in Sources */ = {isa = PBXBuildFile; fileRef = CED9FA681CBBA7EA00454DF2 /* ZXOptionView.swift */; };
		CED9FA6E1CBBA81F00454DF2 /* NSString+.swift in Sources */ = {isa = PBXBuildFile; fileRef = CED9FA6B1CBBA81F00454DF2 /* NSString+.swift */; };
		CED9FA6F1CBBA81F00454DF2 /* ZXColor.swift in Sources */ = {isa = PBXBuildFile; fileRef = CED9FA6C1CBBA81F00454DF2 /* ZXColor.swift */; };
		CED9FA701CBBA81F00454DF2 /* ZXPaths.swift in Sources */ = {isa = PBXBuildFile; fileRef = CED9FA6D1CBBA81F00454DF2 /* ZXPaths.swift */; };
		CED9FA7A1CBBB17B00454DF2 /* ZXPagingView.swift in Sources */ = {isa = PBXBuildFile; fileRef = CED9FA791CBBB17B00454DF2 /* ZXPagingView.swift */; };
		CED9FA801CBBB1F300454DF2 /* ZXGuideViewController.swift in Sources */ = {isa = PBXBuildFile; fileRef = CED9FA7D1CBBB1F300454DF2 /* ZXGuideViewController.swift */; };
		CED9FA811CBBB1F300454DF2 /* ZXNavigationController.swift in Sources */ = {isa = PBXBuildFile; fileRef = CED9FA7F1CBBB1F300454DF2 /* ZXNavigationController.swift */; };
		CED9FA841CBBB2F200454DF2 /* ZXCircleView.swift in Sources */ = {isa = PBXBuildFile; fileRef = CED9FA821CBBB2F200454DF2 /* ZXCircleView.swift */; };
		CED9FA851CBBB2F200454DF2 /* ZXCuteView.swift in Sources */ = {isa = PBXBuildFile; fileRef = CED9FA831CBBB2F200454DF2 /* ZXCuteView.swift */; };
		CED9FA881CBBB39B00454DF2 /* ZXPageControl.swift in Sources */ = {isa = PBXBuildFile; fileRef = CED9FA871CBBB39B00454DF2 /* ZXPageControl.swift */; };
		CED9FA8A1CBBB3BC00454DF2 /* ZXHelper.swift in Sources */ = {isa = PBXBuildFile; fileRef = CED9FA891CBBB3BC00454DF2 /* ZXHelper.swift */; };
		CED9FA911CBBB40500454DF2 /* Array+.swift in Sources */ = {isa = PBXBuildFile; fileRef = CED9FA8B1CBBB40500454DF2 /* Array+.swift */; };
		CED9FA921CBBB40500454DF2 /* NSURL+.swift in Sources */ = {isa = PBXBuildFile; fileRef = CED9FA8C1CBBB40500454DF2 /* NSURL+.swift */; };
		CED9FA931CBBB40500454DF2 /* UIImage+.swift in Sources */ = {isa = PBXBuildFile; fileRef = CED9FA8D1CBBB40500454DF2 /* UIImage+.swift */; };
		CED9FA941CBBB40500454DF2 /* UINavigationItem+.swift in Sources */ = {isa = PBXBuildFile; fileRef = CED9FA8E1CBBB40500454DF2 /* UINavigationItem+.swift */; };
		CED9FA951CBBB40500454DF2 /* UIScrollView+.swift in Sources */ = {isa = PBXBuildFile; fileRef = CED9FA8F1CBBB40500454DF2 /* UIScrollView+.swift */; };
		CED9FA961CBBB40500454DF2 /* UIView+.swift in Sources */ = {isa = PBXBuildFile; fileRef = CED9FA901CBBB40500454DF2 /* UIView+.swift */; };
/* End PBXBuildFile section */

/* Begin PBXFileReference section */
		CED9FA381CBB9BE200454DF2 /* ZXBus.framework */ = {isa = PBXFileReference; explicitFileType = wrapper.framework; includeInIndex = 0; path = ZXBus.framework; sourceTree = BUILT_PRODUCTS_DIR; };
		CED9FA3B1CBB9BE200454DF2 /* ZXBus.h */ = {isa = PBXFileReference; lastKnownFileType = sourcecode.c.h; path = ZXBus.h; sourceTree = "<group>"; };
		CED9FA3D1CBB9BE200454DF2 /* Info.plist */ = {isa = PBXFileReference; lastKnownFileType = text.plist.xml; path = Info.plist; sourceTree = "<group>"; };
		CED9FA491CBB9C3000454DF2 /* ZXBusExample.app */ = {isa = PBXFileReference; explicitFileType = wrapper.application; includeInIndex = 0; path = ZXBusExample.app; sourceTree = BUILT_PRODUCTS_DIR; };
		CED9FA4B1CBB9C3000454DF2 /* AppDelegate.swift */ = {isa = PBXFileReference; lastKnownFileType = sourcecode.swift; path = AppDelegate.swift; sourceTree = "<group>"; };
		CED9FA4D1CBB9C3000454DF2 /* ViewController.swift */ = {isa = PBXFileReference; lastKnownFileType = sourcecode.swift; path = ViewController.swift; sourceTree = "<group>"; };
		CED9FA501CBB9C3000454DF2 /* Base */ = {isa = PBXFileReference; lastKnownFileType = file.storyboard; name = Base; path = Base.lproj/Main.storyboard; sourceTree = "<group>"; };
		CED9FA521CBB9C3000454DF2 /* Assets.xcassets */ = {isa = PBXFileReference; lastKnownFileType = folder.assetcatalog; path = Assets.xcassets; sourceTree = "<group>"; };
		CED9FA551CBB9C3000454DF2 /* Base */ = {isa = PBXFileReference; lastKnownFileType = file.storyboard; name = Base; path = Base.lproj/LaunchScreen.storyboard; sourceTree = "<group>"; };
		CED9FA571CBB9C3000454DF2 /* Info.plist */ = {isa = PBXFileReference; lastKnownFileType = text.plist.xml; path = Info.plist; sourceTree = "<group>"; };
		CED9FA681CBBA7EA00454DF2 /* ZXOptionView.swift */ = {isa = PBXFileReference; fileEncoding = 4; lastKnownFileType = sourcecode.swift; path = ZXOptionView.swift; sourceTree = "<group>"; };
		CED9FA6B1CBBA81F00454DF2 /* NSString+.swift */ = {isa = PBXFileReference; fileEncoding = 4; lastKnownFileType = sourcecode.swift; path = "NSString+.swift"; sourceTree = "<group>"; };
		CED9FA6C1CBBA81F00454DF2 /* ZXColor.swift */ = {isa = PBXFileReference; fileEncoding = 4; lastKnownFileType = sourcecode.swift; path = ZXColor.swift; sourceTree = "<group>"; };
		CED9FA6D1CBBA81F00454DF2 /* ZXPaths.swift */ = {isa = PBXFileReference; fileEncoding = 4; lastKnownFileType = sourcecode.swift; path = ZXPaths.swift; sourceTree = "<group>"; };
		CED9FA791CBBB17B00454DF2 /* ZXPagingView.swift */ = {isa = PBXFileReference; fileEncoding = 4; lastKnownFileType = sourcecode.swift; path = ZXPagingView.swift; sourceTree = "<group>"; };
		CED9FA7D1CBBB1F300454DF2 /* ZXGuideViewController.swift */ = {isa = PBXFileReference; fileEncoding = 4; lastKnownFileType = sourcecode.swift; path = ZXGuideViewController.swift; sourceTree = "<group>"; };
		CED9FA7F1CBBB1F300454DF2 /* ZXNavigationController.swift */ = {isa = PBXFileReference; fileEncoding = 4; lastKnownFileType = sourcecode.swift; path = ZXNavigationController.swift; sourceTree = "<group>"; };
		CED9FA821CBBB2F200454DF2 /* ZXCircleView.swift */ = {isa = PBXFileReference; fileEncoding = 4; lastKnownFileType = sourcecode.swift; path = ZXCircleView.swift; sourceTree = "<group>"; };
		CED9FA831CBBB2F200454DF2 /* ZXCuteView.swift */ = {isa = PBXFileReference; fileEncoding = 4; lastKnownFileType = sourcecode.swift; path = ZXCuteView.swift; sourceTree = "<group>"; };
		CED9FA871CBBB39B00454DF2 /* ZXPageControl.swift */ = {isa = PBXFileReference; fileEncoding = 4; lastKnownFileType = sourcecode.swift; path = ZXPageControl.swift; sourceTree = "<group>"; };
		CED9FA891CBBB3BC00454DF2 /* ZXHelper.swift */ = {isa = PBXFileReference; fileEncoding = 4; lastKnownFileType = sourcecode.swift; path = ZXHelper.swift; sourceTree = "<group>"; };
		CED9FA8B1CBBB40500454DF2 /* Array+.swift */ = {isa = PBXFileReference; fileEncoding = 4; lastKnownFileType = sourcecode.swift; path = "Array+.swift"; sourceTree = "<group>"; };
		CED9FA8C1CBBB40500454DF2 /* NSURL+.swift */ = {isa = PBXFileReference; fileEncoding = 4; lastKnownFileType = sourcecode.swift; path = "NSURL+.swift"; sourceTree = "<group>"; };
		CED9FA8D1CBBB40500454DF2 /* UIImage+.swift */ = {isa = PBXFileReference; fileEncoding = 4; lastKnownFileType = sourcecode.swift; path = "UIImage+.swift"; sourceTree = "<group>"; };
		CED9FA8E1CBBB40500454DF2 /* UINavigationItem+.swift */ = {isa = PBXFileReference; fileEncoding = 4; lastKnownFileType = sourcecode.swift; path = "UINavigationItem+.swift"; sourceTree = "<group>"; };
		CED9FA8F1CBBB40500454DF2 /* UIScrollView+.swift */ = {isa = PBXFileReference; fileEncoding = 4; lastKnownFileType = sourcecode.swift; path = "UIScrollView+.swift"; sourceTree = "<group>"; };
		CED9FA901CBBB40500454DF2 /* UIView+.swift */ = {isa = PBXFileReference; fileEncoding = 4; lastKnownFileType = sourcecode.swift; path = "UIView+.swift"; sourceTree = "<group>"; };
/* End PBXFileReference section */

/* Begin PBXFrameworksBuildPhase section */
		CED9FA341CBB9BE200454DF2 /* Frameworks */ = {
			isa = PBXFrameworksBuildPhase;
			buildActionMask = 2147483647;
			files = (
			);
			runOnlyForDeploymentPostprocessing = 0;
		};
		CED9FA461CBB9C3000454DF2 /* Frameworks */ = {
			isa = PBXFrameworksBuildPhase;
			buildActionMask = 2147483647;
			files = (
			);
			runOnlyForDeploymentPostprocessing = 0;
		};
/* End PBXFrameworksBuildPhase section */

/* Begin PBXGroup section */
		CED9FA2E1CBB9BE200454DF2 = {
			isa = PBXGroup;
			children = (
				CED9FA3A1CBB9BE200454DF2 /* ZXBus */,
				CED9FA4A1CBB9C3000454DF2 /* ZXBusExample */,
				CED9FA391CBB9BE200454DF2 /* Products */,
			);
			sourceTree = "<group>";
		};
		CED9FA391CBB9BE200454DF2 /* Products */ = {
			isa = PBXGroup;
			children = (
				CED9FA381CBB9BE200454DF2 /* ZXBus.framework */,
				CED9FA491CBB9C3000454DF2 /* ZXBusExample.app */,
			);
			name = Products;
			sourceTree = "<group>";
		};
		CED9FA3A1CBB9BE200454DF2 /* ZXBus */ = {
			isa = PBXGroup;
			children = (
				CED9FA7B1CBBB1F300454DF2 /* controller */,
				CED9FA6A1CBBA81F00454DF2 /* Core */,
				CED9FA671CBBA7EA00454DF2 /* View */,
				CED9FA3B1CBB9BE200454DF2 /* ZXBus.h */,
				CED9FA3D1CBB9BE200454DF2 /* Info.plist */,
			);
			path = ZXBus;
			sourceTree = "<group>";
		};
		CED9FA4A1CBB9C3000454DF2 /* ZXBusExample */ = {
			isa = PBXGroup;
			children = (
				CED9FA4B1CBB9C3000454DF2 /* AppDelegate.swift */,
				CED9FA4D1CBB9C3000454DF2 /* ViewController.swift */,
				CED9FA4F1CBB9C3000454DF2 /* Main.storyboard */,
				CED9FA521CBB9C3000454DF2 /* Assets.xcassets */,
				CED9FA541CBB9C3000454DF2 /* LaunchScreen.storyboard */,
				CED9FA571CBB9C3000454DF2 /* Info.plist */,
			);
			path = ZXBusExample;
			sourceTree = "<group>";
		};
		CED9FA671CBBA7EA00454DF2 /* View */ = {
			isa = PBXGroup;
			children = (
				CED9FA871CBBB39B00454DF2 /* ZXPageControl.swift */,
				CED9FA681CBBA7EA00454DF2 /* ZXOptionView.swift */,
				CED9FA821CBBB2F200454DF2 /* ZXCircleView.swift */,
				CED9FA831CBBB2F200454DF2 /* ZXCuteView.swift */,
				CED9FA791CBBB17B00454DF2 /* ZXPagingView.swift */,
			);
			path = View;
			sourceTree = "<group>";
		};
		CED9FA6A1CBBA81F00454DF2 /* Core */ = {
			isa = PBXGroup;
			children = (
				CED9FA6B1CBBA81F00454DF2 /* NSString+.swift */,
				CED9FA8B1CBBB40500454DF2 /* Array+.swift */,
				CED9FA8C1CBBB40500454DF2 /* NSURL+.swift */,
				CED9FA8D1CBBB40500454DF2 /* UIImage+.swift */,
				CED9FA8E1CBBB40500454DF2 /* UINavigationItem+.swift */,
				CED9FA8F1CBBB40500454DF2 /* UIScrollView+.swift */,
				CED9FA901CBBB40500454DF2 /* UIView+.swift */,
				CED9FA6C1CBBA81F00454DF2 /* ZXColor.swift */,
				CED9FA6D1CBBA81F00454DF2 /* ZXPaths.swift */,
				CED9FA891CBBB3BC00454DF2 /* ZXHelper.swift */,
			);
			path = Core;
			sourceTree = "<group>";
		};
		CED9FA7B1CBBB1F300454DF2 /* controller */ = {
			isa = PBXGroup;
			children = (
				CED9FA7C1CBBB1F300454DF2 /* ZXGuideViewController */,
				CED9FA7E1CBBB1F300454DF2 /* ZXNavigationController */,
			);
			path = controller;
			sourceTree = "<group>";
		};
		CED9FA7C1CBBB1F300454DF2 /* ZXGuideViewController */ = {
			isa = PBXGroup;
			children = (
				CED9FA7D1CBBB1F300454DF2 /* ZXGuideViewController.swift */,
			);
			path = ZXGuideViewController;
			sourceTree = "<group>";
		};
		CED9FA7E1CBBB1F300454DF2 /* ZXNavigationController */ = {
			isa = PBXGroup;
			children = (
				CED9FA7F1CBBB1F300454DF2 /* ZXNavigationController.swift */,
			);
			path = ZXNavigationController;
			sourceTree = "<group>";
		};
/* End PBXGroup section */

/* Begin PBXHeadersBuildPhase section */
		CED9FA351CBB9BE200454DF2 /* Headers */ = {
			isa = PBXHeadersBuildPhase;
			buildActionMask = 2147483647;
			files = (
				CED9FA3C1CBB9BE200454DF2 /* ZXBus.h in Headers */,
			);
			runOnlyForDeploymentPostprocessing = 0;
		};
/* End PBXHeadersBuildPhase section */

/* Begin PBXNativeTarget section */
		CED9FA371CBB9BE200454DF2 /* ZXBus */ = {
			isa = PBXNativeTarget;
			buildConfigurationList = CED9FA401CBB9BE200454DF2 /* Build configuration list for PBXNativeTarget "ZXBus" */;
			buildPhases = (
				CED9FA331CBB9BE200454DF2 /* Sources */,
				CED9FA341CBB9BE200454DF2 /* Frameworks */,
				CED9FA351CBB9BE200454DF2 /* Headers */,
				CED9FA361CBB9BE200454DF2 /* Resources */,
			);
			buildRules = (
			);
			dependencies = (
			);
			name = ZXBus;
			productName = ZXBus;
			productReference = CED9FA381CBB9BE200454DF2 /* ZXBus.framework */;
			productType = "com.apple.product-type.framework";
		};
		CED9FA481CBB9C3000454DF2 /* ZXBusExample */ = {
			isa = PBXNativeTarget;
			buildConfigurationList = CED9FA581CBB9C3000454DF2 /* Build configuration list for PBXNativeTarget "ZXBusExample" */;
			buildPhases = (
				CED9FA451CBB9C3000454DF2 /* Sources */,
				CED9FA461CBB9C3000454DF2 /* Frameworks */,
				CED9FA471CBB9C3000454DF2 /* Resources */,
			);
			buildRules = (
			);
			dependencies = (
			);
			name = ZXBusExample;
			productName = ZXBusExample;
			productReference = CED9FA491CBB9C3000454DF2 /* ZXBusExample.app */;
			productType = "com.apple.product-type.application";
		};
/* End PBXNativeTarget section */

/* Begin PBXProject section */
		CED9FA2F1CBB9BE200454DF2 /* Project object */ = {
			isa = PBXProject;
			attributes = {
				LastSwiftUpdateCheck = 0730;
				LastUpgradeCheck = 0730;
				ORGANIZATIONNAME = "陈奕龙";
				TargetAttributes = {
					CED9FA371CBB9BE200454DF2 = {
						CreatedOnToolsVersion = 7.3;
					};
					CED9FA481CBB9C3000454DF2 = {
						CreatedOnToolsVersion = 7.3;
					};
				};
			};
			buildConfigurationList = CED9FA321CBB9BE200454DF2 /* Build configuration list for PBXProject "ZXBus" */;
			compatibilityVersion = "Xcode 3.2";
			developmentRegion = English;
			hasScannedForEncodings = 0;
			knownRegions = (
				en,
				Base,
			);
			mainGroup = CED9FA2E1CBB9BE200454DF2;
			productRefGroup = CED9FA391CBB9BE200454DF2 /* Products */;
			projectDirPath = "";
			projectRoot = "";
			targets = (
				CED9FA371CBB9BE200454DF2 /* ZXBus */,
				CED9FA481CBB9C3000454DF2 /* ZXBusExample */,
			);
		};
/* End PBXProject section */

/* Begin PBXResourcesBuildPhase section */
		CED9FA361CBB9BE200454DF2 /* Resources */ = {
			isa = PBXResourcesBuildPhase;
			buildActionMask = 2147483647;
			files = (
			);
			runOnlyForDeploymentPostprocessing = 0;
		};
		CED9FA471CBB9C3000454DF2 /* Resources */ = {
			isa = PBXResourcesBuildPhase;
			buildActionMask = 2147483647;
			files = (
				CED9FA561CBB9C3000454DF2 /* LaunchScreen.storyboard in Resources */,
				CED9FA531CBB9C3000454DF2 /* Assets.xcassets in Resources */,
				CED9FA511CBB9C3000454DF2 /* Main.storyboard in Resources */,
			);
			runOnlyForDeploymentPostprocessing = 0;
		};
/* End PBXResourcesBuildPhase section */

/* Begin PBXSourcesBuildPhase section */
		CED9FA331CBB9BE200454DF2 /* Sources */ = {
			isa = PBXSourcesBuildPhase;
			buildActionMask = 2147483647;
			files = (
				CED9FA6F1CBBA81F00454DF2 /* ZXColor.swift in Sources */,
				CED9FA951CBBB40500454DF2 /* UIScrollView+.swift in Sources */,
				CED9FA931CBBB40500454DF2 /* UIImage+.swift in Sources */,
				CED9FA911CBBB40500454DF2 /* Array+.swift in Sources */,
				CED9FA691CBBA7EA00454DF2 /* ZXOptionView.swift in Sources */,
				CED9FA851CBBB2F200454DF2 /* ZXCuteView.swift in Sources */,
				CED9FA8A1CBBB3BC00454DF2 /* ZXHelper.swift in Sources */,
				CED9FA811CBBB1F300454DF2 /* ZXNavigationController.swift in Sources */,
				CED9FA881CBBB39B00454DF2 /* ZXPageControl.swift in Sources */,
				CED9FA961CBBB40500454DF2 /* UIView+.swift in Sources */,
				CED9FA701CBBA81F00454DF2 /* ZXPaths.swift in Sources */,
				CED9FA841CBBB2F200454DF2 /* ZXCircleView.swift in Sources */,
				CED9FA921CBBB40500454DF2 /* NSURL+.swift in Sources */,
				CED9FA801CBBB1F300454DF2 /* ZXGuideViewController.swift in Sources */,
				CED9FA941CBBB40500454DF2 /* UINavigationItem+.swift in Sources */,
				CED9FA7A1CBBB17B00454DF2 /* ZXPagingView.swift in Sources */,
				CED9FA6E1CBBA81F00454DF2 /* NSString+.swift in Sources */,
			);
			runOnlyForDeploymentPostprocessing = 0;
		};
		CED9FA451CBB9C3000454DF2 /* Sources */ = {
			isa = PBXSourcesBuildPhase;
			buildActionMask = 2147483647;
			files = (
				CED9FA4E1CBB9C3000454DF2 /* ViewController.swift in Sources */,
				CED9FA4C1CBB9C3000454DF2 /* AppDelegate.swift in Sources */,
			);
			runOnlyForDeploymentPostprocessing = 0;
		};
/* End PBXSourcesBuildPhase section */

/* Begin PBXVariantGroup section */
		CED9FA4F1CBB9C3000454DF2 /* Main.storyboard */ = {
			isa = PBXVariantGroup;
			children = (
				CED9FA501CBB9C3000454DF2 /* Base */,
			);
			name = Main.storyboard;
			sourceTree = "<group>";
		};
		CED9FA541CBB9C3000454DF2 /* LaunchScreen.storyboard */ = {
			isa = PBXVariantGroup;
			children = (
				CED9FA551CBB9C3000454DF2 /* Base */,
			);
			name = LaunchScreen.storyboard;
			sourceTree = "<group>";
		};
/* End PBXVariantGroup section */

/* Begin XCBuildConfiguration section */
		CED9FA3E1CBB9BE200454DF2 /* Debug */ = {
			isa = XCBuildConfiguration;
			buildSettings = {
				ALWAYS_SEARCH_USER_PATHS = NO;
				CLANG_ANALYZER_NONNULL = YES;
				CLANG_CXX_LANGUAGE_STANDARD = "gnu++0x";
				CLANG_CXX_LIBRARY = "libc++";
				CLANG_ENABLE_MODULES = YES;
				CLANG_ENABLE_OBJC_ARC = YES;
				CLANG_WARN_BOOL_CONVERSION = YES;
				CLANG_WARN_CONSTANT_CONVERSION = YES;
				CLANG_WARN_DIRECT_OBJC_ISA_USAGE = YES_ERROR;
				CLANG_WARN_EMPTY_BODY = YES;
				CLANG_WARN_ENUM_CONVERSION = YES;
				CLANG_WARN_INT_CONVERSION = YES;
				CLANG_WARN_OBJC_ROOT_CLASS = YES_ERROR;
				CLANG_WARN_UNREACHABLE_CODE = YES;
				CLANG_WARN__DUPLICATE_METHOD_MATCH = YES;
				"CODE_SIGN_IDENTITY[sdk=iphoneos*]" = "iPhone Developer";
				COPY_PHASE_STRIP = NO;
				CURRENT_PROJECT_VERSION = 1;
				DEBUG_INFORMATION_FORMAT = dwarf;
				ENABLE_STRICT_OBJC_MSGSEND = YES;
				ENABLE_TESTABILITY = YES;
				GCC_C_LANGUAGE_STANDARD = gnu99;
				GCC_DYNAMIC_NO_PIC = NO;
				GCC_NO_COMMON_BLOCKS = YES;
				GCC_OPTIMIZATION_LEVEL = 0;
				GCC_PREPROCESSOR_DEFINITIONS = (
					"DEBUG=1",
					"$(inherited)",
				);
				GCC_WARN_64_TO_32_BIT_CONVERSION = YES;
				GCC_WARN_ABOUT_RETURN_TYPE = YES_ERROR;
				GCC_WARN_UNDECLARED_SELECTOR = YES;
				GCC_WARN_UNINITIALIZED_AUTOS = YES_AGGRESSIVE;
				GCC_WARN_UNUSED_FUNCTION = YES;
				GCC_WARN_UNUSED_VARIABLE = YES;
				IPHONEOS_DEPLOYMENT_TARGET = 9.3;
				MTL_ENABLE_DEBUG_INFO = YES;
				ONLY_ACTIVE_ARCH = YES;
				SDKROOT = iphoneos;
				SWIFT_OPTIMIZATION_LEVEL = "-Onone";
				TARGETED_DEVICE_FAMILY = "1,2";
				VERSIONING_SYSTEM = "apple-generic";
				VERSION_INFO_PREFIX = "";
			};
			name = Debug;
		};
		CED9FA3F1CBB9BE200454DF2 /* Release */ = {
			isa = XCBuildConfiguration;
			buildSettings = {
				ALWAYS_SEARCH_USER_PATHS = NO;
				CLANG_ANALYZER_NONNULL = YES;
				CLANG_CXX_LANGUAGE_STANDARD = "gnu++0x";
				CLANG_CXX_LIBRARY = "libc++";
				CLANG_ENABLE_MODULES = YES;
				CLANG_ENABLE_OBJC_ARC = YES;
				CLANG_WARN_BOOL_CONVERSION = YES;
				CLANG_WARN_CONSTANT_CONVERSION = YES;
				CLANG_WARN_DIRECT_OBJC_ISA_USAGE = YES_ERROR;
				CLANG_WARN_EMPTY_BODY = YES;
				CLANG_WARN_ENUM_CONVERSION = YES;
				CLANG_WARN_INT_CONVERSION = YES;
				CLANG_WARN_OBJC_ROOT_CLASS = YES_ERROR;
				CLANG_WARN_UNREACHABLE_CODE = YES;
				CLANG_WARN__DUPLICATE_METHOD_MATCH = YES;
				"CODE_SIGN_IDENTITY[sdk=iphoneos*]" = "iPhone Developer";
				COPY_PHASE_STRIP = NO;
				CURRENT_PROJECT_VERSION = 1;
				DEBUG_INFORMATION_FORMAT = "dwarf-with-dsym";
				ENABLE_NS_ASSERTIONS = NO;
				ENABLE_STRICT_OBJC_MSGSEND = YES;
				GCC_C_LANGUAGE_STANDARD = gnu99;
				GCC_NO_COMMON_BLOCKS = YES;
				GCC_WARN_64_TO_32_BIT_CONVERSION = YES;
				GCC_WARN_ABOUT_RETURN_TYPE = YES_ERROR;
				GCC_WARN_UNDECLARED_SELECTOR = YES;
				GCC_WARN_UNINITIALIZED_AUTOS = YES_AGGRESSIVE;
				GCC_WARN_UNUSED_FUNCTION = YES;
				GCC_WARN_UNUSED_VARIABLE = YES;
				IPHONEOS_DEPLOYMENT_TARGET = 9.3;
				MTL_ENABLE_DEBUG_INFO = NO;
				SDKROOT = iphoneos;
				TARGETED_DEVICE_FAMILY = "1,2";
				VALIDATE_PRODUCT = YES;
				VERSIONING_SYSTEM = "apple-generic";
				VERSION_INFO_PREFIX = "";
			};
			name = Release;
		};
		CED9FA411CBB9BE200454DF2 /* Debug */ = {
			isa = XCBuildConfiguration;
			buildSettings = {
				CLANG_ENABLE_MODULES = YES;
				DEFINES_MODULE = YES;
				DYLIB_COMPATIBILITY_VERSION = 1;
				DYLIB_CURRENT_VERSION = 1;
				DYLIB_INSTALL_NAME_BASE = "@rpath";
				INFOPLIST_FILE = ZXBus/Info.plist;
				INSTALL_PATH = "$(LOCAL_LIBRARY_DIR)/Frameworks";
				IPHONEOS_DEPLOYMENT_TARGET = 8.0;
				LD_RUNPATH_SEARCH_PATHS = "$(inherited) @executable_path/Frameworks @loader_path/Frameworks";
				PRODUCT_BUNDLE_IDENTIFIER = zixun.ZXBus;
				PRODUCT_NAME = "$(TARGET_NAME)";
				SKIP_INSTALL = YES;
				SWIFT_OPTIMIZATION_LEVEL = "-Onone";
			};
			name = Debug;
		};
		CED9FA421CBB9BE200454DF2 /* Release */ = {
			isa = XCBuildConfiguration;
			buildSettings = {
				CLANG_ENABLE_MODULES = YES;
				DEFINES_MODULE = YES;
				DYLIB_COMPATIBILITY_VERSION = 1;
				DYLIB_CURRENT_VERSION = 1;
				DYLIB_INSTALL_NAME_BASE = "@rpath";
				INFOPLIST_FILE = ZXBus/Info.plist;
				INSTALL_PATH = "$(LOCAL_LIBRARY_DIR)/Frameworks";
				IPHONEOS_DEPLOYMENT_TARGET = 8.0;
				LD_RUNPATH_SEARCH_PATHS = "$(inherited) @executable_path/Frameworks @loader_path/Frameworks";
				PRODUCT_BUNDLE_IDENTIFIER = zixun.ZXBus;
				PRODUCT_NAME = "$(TARGET_NAME)";
				SKIP_INSTALL = YES;
			};
			name = Release;
		};
		CED9FA591CBB9C3000454DF2 /* Debug */ = {
			isa = XCBuildConfiguration;
			buildSettings = {
				ASSETCATALOG_COMPILER_APPICON_NAME = AppIcon;
				INFOPLIST_FILE = ZXBusExample/Info.plist;
				LD_RUNPATH_SEARCH_PATHS = "$(inherited) @executable_path/Frameworks";
				PRODUCT_BUNDLE_IDENTIFIER = zixun.ZXBusExample;
				PRODUCT_NAME = "$(TARGET_NAME)";
			};
			name = Debug;
		};
		CED9FA5A1CBB9C3000454DF2 /* Release */ = {
			isa = XCBuildConfiguration;
			buildSettings = {
				ASSETCATALOG_COMPILER_APPICON_NAME = AppIcon;
				INFOPLIST_FILE = ZXBusExample/Info.plist;
				LD_RUNPATH_SEARCH_PATHS = "$(inherited) @executable_path/Frameworks";
				PRODUCT_BUNDLE_IDENTIFIER = zixun.ZXBusExample;
				PRODUCT_NAME = "$(TARGET_NAME)";
			};
			name = Release;
		};
/* End XCBuildConfiguration section */

/* Begin XCConfigurationList section */
		CED9FA321CBB9BE200454DF2 /* Build configuration list for PBXProject "ZXBus" */ = {
			isa = XCConfigurationList;
			buildConfigurations = (
				CED9FA3E1CBB9BE200454DF2 /* Debug */,
				CED9FA3F1CBB9BE200454DF2 /* Release */,
			);
			defaultConfigurationIsVisible = 0;
			defaultConfigurationName = Release;
		};
		CED9FA401CBB9BE200454DF2 /* Build configuration list for PBXNativeTarget "ZXBus" */ = {
			isa = XCConfigurationList;
			buildConfigurations = (
				CED9FA411CBB9BE200454DF2 /* Debug */,
				CED9FA421CBB9BE200454DF2 /* Release */,
			);
			defaultConfigurationIsVisible = 0;
			defaultConfigurationName = Release;
		};
		CED9FA581CBB9C3000454DF2 /* Build configuration list for PBXNativeTarget "ZXBusExample" */ = {
			isa = XCConfigurationList;
			buildConfigurations = (
				CED9FA591CBB9C3000454DF2 /* Debug */,
				CED9FA5A1CBB9C3000454DF2 /* Release */,
			);
			defaultConfigurationIsVisible = 0;
			defaultConfigurationName = Release;
		};
/* End XCConfigurationList section */
	};
	rootObject = CED9FA2F1CBB9BE200454DF2 /* Project object */;
}
